
Microsoft Visual Studio Solution File, Format Version 12.00
# Visual Studio Version 16
VisualStudioVersion = 16.0.29418.71
MinimumVisualStudioVersion = 10.0.40219.1
Project("{9A19103F-16F7-4668-BE54-9A1E7A4F7556}") = "console", "console\console.csproj", "{305138C8-C743-42B5-A7EF-C26E9D103E9F}"
EndProject
Project("{9A19103F-16F7-4668-BE54-9A1E7A4F7556}") = "Api.User", "Api.User\Api.User.csproj", "{5B53BA17-41DB-4340-9121-70749BB413CB}"
EndProject
Project("{2150E333-8FDC-42A3-9474-1A3956D46DE8}") = "Test", "Test", "{E1641181-3570-47E4-A958-E91824AA1716}"
EndProject
Project("{FAE04EC0-301F-11D3-BF4B-00C04F79EFBC}") = "Api.User.UnitTests", "Api.User.UnitTests\Api.User.UnitTests.csproj", "{06BD680E-D8DE-4D5E-946C-E80BFA0761A4}"
EndProject
Global
	GlobalSection(SolutionConfigurationPlatforms) = preSolution
		Debug|Any CPU = Debug|Any CPU
		Release|Any CPU = Release|Any CPU
	EndGlobalSection
	GlobalSection(ProjectConfigurationPlatforms) = postSolution
		{305138C8-C743-42B5-A7EF-C26E9D103E9F}.Debug|Any CPU.ActiveCfg = Debug|Any CPU
		{305138C8-C743-42B5-A7EF-C26E9D103E9F}.Debug|Any CPU.Build.0 = Debug|Any CPU
		{305138C8-C743-42B5-A7EF-C26E9D103E9F}.Release|Any CPU.ActiveCfg = Release|Any CPU
		{305138C8-C743-42B5-A7EF-C26E9D103E9F}.Release|Any CPU.Build.0 = Release|Any CPU
		{5B53BA17-41DB-4340-9121-70749BB413CB}.Debug|Any CPU.ActiveCfg = Debug|Any CPU
		{5B53BA17-41DB-4340-9121-70749BB413CB}.Debug|Any CPU.Build.0 = Debug|Any CPU
		{5B53BA17-41DB-4340-9121-70749BB413CB}.Release|Any CPU.ActiveCfg = Release|Any CPU
		{5B53BA17-41DB-4340-9121-70749BB413CB}.Release|Any CPU.Build.0 = Release|Any CPU
		{06BD680E-D8DE-4D5E-946C-E80BFA0761A4}.Debug|Any CPU.ActiveCfg = Debug|Any CPU
		{06BD680E-D8DE-4D5E-946C-E80BFA0761A4}.Debug|Any CPU.Build.0 = Debug|Any CPU
		{06BD680E-D8DE-4D5E-946C-E80BFA0761A4}.Release|Any CPU.ActiveCfg = Release|Any CPU
		{06BD680E-D8DE-4D5E-946C-E80BFA0761A4}.Release|Any CPU.Build.0 = Release|Any CPU
	EndGlobalSection
	GlobalSection(SolutionProperties) = preSolution
		HideSolutionNode = FALSE
	EndGlobalSection
	GlobalSection(NestedProjects) = preSolution
		{06BD680E-D8DE-4D5E-946C-E80BFA0761A4} = {E1641181-3570-47E4-A958-E91824AA1716}
	EndGlobalSection
	GlobalSection(ExtensibilityGlobals) = postSolution
		SolutionGuid = {5393192E-6915-476E-8C42-075EE0026CDB}
	EndGlobalSection
EndGlobal
